
Microsoft Visual Studio Solution File, Format Version 12.00
# 
Project("{FAE04EC0-301F-11D3-BF4B-00C04F79EFBC}") = "Northwind.Common.EntityModels.Sqlite", "Northwind.Common.EntityModels.Sqlite\Northwind.Common.EntityModels.Sqlite.csproj", "{43671A31-FCEA-48E6-B6CF-0C6FD0DB3D7C}"
EndProject
Project("{FAE04EC0-301F-11D3-BF4B-00C04F79EFBC}") = "Northwind.Common.DataContext.Sqlite", "Northwind.Common.DataContext.Sqlite\Northwind.Common.DataContext.Sqlite.csproj", "{4FCFEF83-108A-4E66-A98F-2B674921558E}"
EndProject
Project("{FAE04EC0-301F-11D3-BF4B-00C04F79EFBC}") = "Northwind.Web", "Northwind.Web\Northwind.Web.csproj", "{BF098AF5-03BA-4783-B641-06F2CDD568D4}"
EndProject
Project("{FAE04EC0-301F-11D3-BF4B-00C04F79EFBC}") = "Northwind.Razor.Employees", "Northwind.Razor.Employees\Northwind.Razor.Employees.csproj", "{AA924B47-D630-4D18-91AB-0DB20886259E}"
EndProject
Project("{FAE04EC0-301F-11D3-BF4B-00C04F79EFBC}") = "Northwind.Mvc", "Northwind.Mvc\Northwind.Mvc.csproj", "{E14C8037-D55B-4331-9D1F-FB7EF7A4A85F}"
EndProject
Project("{FAE04EC0-301F-11D3-BF4B-00C04F79EFBC}") = "Northwind.WebApi", "Northwind.WebApi\Northwind.WebApi.csproj", "{10282267-C70A-4596-B6E2-9D2C21A20BA9}"
EndProject
Project("{FAE04EC0-301F-11D3-BF4B-00C04F79EFBC}") = "Northwind.Common", "Northwind.Common\Northwind.Common.csproj", "{002B0C7C-C549-491A-9D7A-F81818BE6577}"
EndProject
Project("{FAE04EC0-301F-11D3-BF4B-00C04F79EFBC}") = "Minimal.WebApi", "Minimal.WebApi\Minimal.WebApi.csproj", "{ED9AB724-6FF1-4711-AAFB-68418C0E33CE}"
EndProject
Project("{FAE04EC0-301F-11D3-BF4B-00C04F79EFBC}") = "Northwind.BlazorServer", "Northwind.BlazorServer\Northwind.BlazorServer.csproj", "{0A6090B9-B423-4CF1-B377-417CCB586624}"
EndProject
Project("{FAE04EC0-301F-11D3-BF4B-00C04F79EFBC}") = "Northwind.BlazorWasm", "Northwind.BlazorWasm\Northwind.BlazorWasm.csproj", "{ADD5BFFD-7738-4949-B026-D0ED76D37889}"
EndProject
Global
	GlobalSection(SolutionConfigurationPlatforms) = preSolution
		Debug|Any CPU = Debug|Any CPU
		Release|Any CPU = Release|Any CPU
	EndGlobalSection
	GlobalSection(ProjectConfigurationPlatforms) = postSolution
		{43671A31-FCEA-48E6-B6CF-0C6FD0DB3D7C}.Debug|Any CPU.ActiveCfg = Debug|Any CPU
		{43671A31-FCEA-48E6-B6CF-0C6FD0DB3D7C}.Debug|Any CPU.Build.0 = Debug|Any CPU
		{43671A31-FCEA-48E6-B6CF-0C6FD0DB3D7C}.Release|Any CPU.ActiveCfg = Release|Any CPU
		{43671A31-FCEA-48E6-B6CF-0C6FD0DB3D7C}.Release|Any CPU.Build.0 = Release|Any CPU
		{4FCFEF83-108A-4E66-A98F-2B674921558E}.Debug|Any CPU.ActiveCfg = Debug|Any CPU
		{4FCFEF83-108A-4E66-A98F-2B674921558E}.Debug|Any CPU.Build.0 = Debug|Any CPU
		{4FCFEF83-108A-4E66-A98F-2B674921558E}.Release|Any CPU.ActiveCfg = Release|Any CPU
		{4FCFEF83-108A-4E66-A98F-2B674921558E}.Release|Any CPU.Build.0 = Release|Any CPU
		{BF098AF5-03BA-4783-B641-06F2CDD568D4}.Debug|Any CPU.ActiveCfg = Debug|Any CPU
		{BF098AF5-03BA-4783-B641-06F2CDD568D4}.Debug|Any CPU.Build.0 = Debug|Any CPU
		{BF098AF5-03BA-4783-B641-06F2CDD568D4}.Release|Any CPU.ActiveCfg = Release|Any CPU
		{BF098AF5-03BA-4783-B641-06F2CDD568D4}.Release|Any CPU.Build.0 = Release|Any CPU
		{AA924B47-D630-4D18-91AB-0DB20886259E}.Debug|Any CPU.ActiveCfg = Debug|Any CPU
		{AA924B47-D630-4D18-91AB-0DB20886259E}.Debug|Any CPU.Build.0 = Debug|Any CPU
		{AA924B47-D630-4D18-91AB-0DB20886259E}.Release|Any CPU.ActiveCfg = Release|Any CPU
		{AA924B47-D630-4D18-91AB-0DB20886259E}.Release|Any CPU.Build.0 = Release|Any CPU
		{E14C8037-D55B-4331-9D1F-FB7EF7A4A85F}.Debug|Any CPU.ActiveCfg = Debug|Any CPU
		{E14C8037-D55B-4331-9D1F-FB7EF7A4A85F}.Debug|Any CPU.Build.0 = Debug|Any CPU
		{E14C8037-D55B-4331-9D1F-FB7EF7A4A85F}.Release|Any CPU.ActiveCfg = Release|Any CPU
		{E14C8037-D55B-4331-9D1F-FB7EF7A4A85F}.Release|Any CPU.Build.0 = Release|Any CPU
		{10282267-C70A-4596-B6E2-9D2C21A20BA9}.Debug|Any CPU.ActiveCfg = Debug|Any CPU
		{10282267-C70A-4596-B6E2-9D2C21A20BA9}.Debug|Any CPU.Build.0 = Debug|Any CPU
		{10282267-C70A-4596-B6E2-9D2C21A20BA9}.Release|Any CPU.ActiveCfg = Release|Any CPU
		{10282267-C70A-4596-B6E2-9D2C21A20BA9}.Release|Any CPU.Build.0 = Release|Any CPU
		{002B0C7C-C549-491A-9D7A-F81818BE6577}.Debug|Any CPU.ActiveCfg = Debug|Any CPU
		{002B0C7C-C549-491A-9D7A-F81818BE6577}.Debug|Any CPU.Build.0 = Debug|Any CPU
		{002B0C7C-C549-491A-9D7A-F81818BE6577}.Release|Any CPU.ActiveCfg = Release|Any CPU
		{002B0C7C-C549-491A-9D7A-F81818BE6577}.Release|Any CPU.Build.0 = Release|Any CPU
		{ED9AB724-6FF1-4711-AAFB-68418C0E33CE}.Debug|Any CPU.ActiveCfg = Debug|Any CPU
		{ED9AB724-6FF1-4711-AAFB-68418C0E33CE}.Debug|Any CPU.Build.0 = Debug|Any CPU
		{ED9AB724-6FF1-4711-AAFB-68418C0E33CE}.Release|Any CPU.ActiveCfg = Release|Any CPU
		{ED9AB724-6FF1-4711-AAFB-68418C0E33CE}.Release|Any CPU.Build.0 = Release|Any CPU
		{0A6090B9-B423-4CF1-B377-417CCB586624}.Debug|Any CPU.ActiveCfg = Debug|Any CPU
		{0A6090B9-B423-4CF1-B377-417CCB586624}.Debug|Any CPU.Build.0 = Debug|Any CPU
		{0A6090B9-B423-4CF1-B377-417CCB586624}.Release|Any CPU.ActiveCfg = Release|Any CPU
		{0A6090B9-B423-4CF1-B377-417CCB586624}.Release|Any CPU.Build.0 = Release|Any CPU
		{ADD5BFFD-7738-4949-B026-D0ED76D37889}.Debug|Any CPU.ActiveCfg = Debug|Any CPU
		{ADD5BFFD-7738-4949-B026-D0ED76D37889}.Debug|Any CPU.Build.0 = Debug|Any CPU
		{ADD5BFFD-7738-4949-B026-D0ED76D37889}.Release|Any CPU.ActiveCfg = Release|Any CPU
		{ADD5BFFD-7738-4949-B026-D0ED76D37889}.Release|Any CPU.Build.0 = Release|Any CPU
	EndGlobalSection
EndGlobal
